Microsoft Visual Studio Solution File, Format Version 12.00
# Visual Studio Version 17
VisualStudioVersion = 17.5.2.0
MinimumVisualStudioVersion = 10.0.40219.1
Project("{FAE04EC0-301F-11D3-BF4B-00C04F79EFBC}") = "227project", "227project\227project.csproj", "{7CDB54BA-39AE-DC96-C4EE-49F9D8A7A125}"
EndProject
Global
	GlobalSection(SolutionConfigurationPlatforms) = preSolution
		Debug|Any CPU = Debug|Any CPU
		Release|Any CPU = Release|Any CPU
	EndGlobalSection
	GlobalSection(ProjectConfigurationPlatforms) = postSolution
		{7CDB54BA-39AE-DC96-C4EE-49F9D8A7A125}.Debug|Any CPU.ActiveCfg = Debug|Any CPU
		{7CDB54BA-39AE-DC96-C4EE-49F9D8A7A125}.Debug|Any CPU.Build.0 = Debug|Any CPU
		{7CDB54BA-39AE-DC96-C4EE-49F9D8A7A125}.Release|Any CPU.ActiveCfg = Release|Any CPU
		{7CDB54BA-39AE-DC96-C4EE-49F9D8A7A125}.Release|Any CPU.Build.0 = Release|Any CPU
	EndGlobalSection
	GlobalSection(SolutionProperties) = preSolution
		HideSolutionNode = FALSE
	EndGlobalSection
	GlobalSection(ExtensibilityGlobals) = postSolution
		SolutionGuid = {13BBBDB9-E26B-4BBD-85ED-3C3C89E5FBE2}
	EndGlobalSection
EndGlobal
